
Microsoft Visual Studio Solution File, Format Version 12.00
# Visual Studio Version 16
VisualStudioVersion = 16.0.30523.141
MinimumVisualStudioVersion = 10.0.40219.1
Project("{8BC9CEB8-8B4A-11D0-8D11-00A0C91BC942}") = "Strategy", "Strategy\Strategy.vcxproj", "{7D6E0047-54B8-438C-BDD2-3299948DE743}"
EndProject
Project("{8BC9CEB8-8B4A-11D0-8D11-00A0C91BC942}") = "TestStrategy", "TestStrategy\TestStrategy.vcxproj", "{943DA2F4-EC26-422A-9BA0-7276111B0746}"
EndProject
Global
	GlobalSection(SolutionConfigurationPlatforms) = preSolution
		Debug|x64 = Debug|x64
		Debug|x86 = Debug|x86
		Release|x64 = Release|x64
		Release|x86 = Release|x86
	EndGlobalSection
	GlobalSection(ProjectConfigurationPlatforms) = postSolution
		{7D6E0047-54B8-438C-BDD2-3299948DE743}.Debug|x64.ActiveCfg = Debug|x64
		{7D6E0047-54B8-438C-BDD2-3299948DE743}.Debug|x64.Build.0 = Debug|x64
		{7D6E0047-54B8-438C-BDD2-3299948DE743}.Debug|x86.ActiveCfg = Debug|Win32
		{7D6E0047-54B8-438C-BDD2-3299948DE743}.Debug|x86.Build.0 = Debug|Win32
		{7D6E0047-54B8-438C-BDD2-3299948DE743}.Release|x64.ActiveCfg = Release|x64
		{7D6E0047-54B8-438C-BDD2-3299948DE743}.Release|x64.Build.0 = Release|x64
		{7D6E0047-54B8-438C-BDD2-3299948DE743}.Release|x86.ActiveCfg = Release|Win32
		{7D6E0047-54B8-438C-BDD2-3299948DE743}.Release|x86.Build.0 = Release|Win32
		{943DA2F4-EC26-422A-9BA0-7276111B0746}.Debug|x64.ActiveCfg = Debug|x64
		{943DA2F4-EC26-422A-9BA0-7276111B0746}.Debug|x64.Build.0 = Debug|x64
		{943DA2F4-EC26-422A-9BA0-7276111B0746}.Debug|x86.ActiveCfg = Debug|Win32
		{943DA2F4-EC26-422A-9BA0-7276111B0746}.Debug|x86.Build.0 = Debug|Win32
		{943DA2F4-EC26-422A-9BA0-7276111B0746}.Release|x64.ActiveCfg = Release|x64
		{943DA2F4-EC26-422A-9BA0-7276111B0746}.Release|x64.Build.0 = Release|x64
		{943DA2F4-EC26-422A-9BA0-7276111B0746}.Release|x86.ActiveCfg = Release|Win32
		{943DA2F4-EC26-422A-9BA0-7276111B0746}.Release|x86.Build.0 = Release|Win32
	EndGlobalSection
	GlobalSection(SolutionProperties) = preSolution
		HideSolutionNode = FALSE
	EndGlobalSection
	GlobalSection(ExtensibilityGlobals) = postSolution
		SolutionGuid = {A8C3D618-9BAD-4901-A22B-2A6ED94109F0}
	EndGlobalSection
EndGlobal
